# THIS IS AN AUTOGENERATED FILE. DO NOT EDIT THIS FILE DIRECTLY.
# yarn lockfile v1


noty@^3.2.0-beta-deprecated:
  version "3.2.0-beta-deprecated"
  resolved "https://registry.yarnpkg.com/noty/-/noty-3.2.0-beta-deprecated.tgz#f74126808b40ba11d7cea3eefc836b32ff7a30f2"
  integrity sha512-ntRbHuQ9SnnnVFZm/oq5L1DBCaHQUvsU24AwZH3PGjAWx2YqR/IhOadMk11vmJovYiQo00oqTj6Hp+D6PGtmLA==
